
Microsoft Visual Studio Solution File, Format Version 12.00
# Visual Studio Version 16
VisualStudioVersion = 16.0.34031.81
MinimumVisualStudioVersion = 10.0.40219.1
Project("{FAE04EC0-301F-11D3-BF4B-00C04F79EFBC}") = "bilgisayarli_görme", "bilgisayarli_görme.csproj", "{5D87134D-71A5-41E9-BEB9-5947908121D7}"
EndProject
Global
	GlobalSection(SolutionConfigurationPlatforms) = preSolution
		Debug|Any CPU = Debug|Any CPU
		Release|Any CPU = Release|Any CPU
	EndGlobalSection
	GlobalSection(ProjectConfigurationPlatforms) = postSolution
		{5D87134D-71A5-41E9-BEB9-5947908121D7}.Debug|Any CPU.ActiveCfg = Debug|Any CPU
		{5D87134D-71A5-41E9-BEB9-5947908121D7}.Debug|Any CPU.Build.0 = Debug|Any CPU
		{5D87134D-71A5-41E9-BEB9-5947908121D7}.Release|Any CPU.ActiveCfg = Release|Any CPU
		{5D87134D-71A5-41E9-BEB9-5947908121D7}.Release|Any CPU.Build.0 = Release|Any CPU
	EndGlobalSection
	GlobalSection(SolutionProperties) = preSolution
		HideSolutionNode = FALSE
	EndGlobalSection
	GlobalSection(ExtensibilityGlobals) = postSolution
		SolutionGuid = {0D02953A-D376-4AFD-A1BA-B5811F65752C}
	EndGlobalSection
EndGlobal
